
Microsoft Visual Studio Solution File, Format Version 12.00
# Visual Studio 15
VisualStudioVersion = 15.0.28010.2048
MinimumVisualStudioVersion = 10.0.40219.1
Project("{FAE04EC0-301F-11D3-BF4B-00C04F79EFBC}") = "ConsoleApp1", "..\16Nov\ConsoleApp1\ConsoleApp1.csproj", "{D498C3AD-C5A9-4293-8BA3-BEAC21296A4C}"
EndProject
Project("{FAE04EC0-301F-11D3-BF4B-00C04F79EFBC}") = "Assembly1", "..\16Nov\Assembly1\Assembly1.csproj", "{14C3B660-DDDE-4CBA-89D5-B75AEDE70A27}"
EndProject
Project("{FAE04EC0-301F-11D3-BF4B-00C04F79EFBC}") = "Introduction", "..\16Nov\Introduction\Introduction.csproj", "{0E1D91F7-C7E8-4A9A-9F5A-20AFA5AD5A7A}"
EndProject
Project("{FAE04EC0-301F-11D3-BF4B-00C04F79EFBC}") = "Assembly2", "..\16Nov\Assembly2\Assembly2.csproj", "{45C60F1B-A6CD-46C9-9072-F801F678EABD}"
EndProject
Global
	GlobalSection(SolutionConfigurationPlatforms) = preSolution
		Debug|Any CPU = Debug|Any CPU
		Release|Any CPU = Release|Any CPU
	EndGlobalSection
	GlobalSection(ProjectConfigurationPlatforms) = postSolution
		{D498C3AD-C5A9-4293-8BA3-BEAC21296A4C}.Debug|Any CPU.ActiveCfg = Debug|Any CPU
		{D498C3AD-C5A9-4293-8BA3-BEAC21296A4C}.Debug|Any CPU.Build.0 = Debug|Any CPU
		{D498C3AD-C5A9-4293-8BA3-BEAC21296A4C}.Release|Any CPU.ActiveCfg = Release|Any CPU
		{D498C3AD-C5A9-4293-8BA3-BEAC21296A4C}.Release|Any CPU.Build.0 = Release|Any CPU
		{14C3B660-DDDE-4CBA-89D5-B75AEDE70A27}.Debug|Any CPU.ActiveCfg = Debug|Any CPU
		{14C3B660-DDDE-4CBA-89D5-B75AEDE70A27}.Debug|Any CPU.Build.0 = Debug|Any CPU
		{14C3B660-DDDE-4CBA-89D5-B75AEDE70A27}.Release|Any CPU.ActiveCfg = Release|Any CPU
		{14C3B660-DDDE-4CBA-89D5-B75AEDE70A27}.Release|Any CPU.Build.0 = Release|Any CPU
		{0E1D91F7-C7E8-4A9A-9F5A-20AFA5AD5A7A}.Debug|Any CPU.ActiveCfg = Debug|Any CPU
		{0E1D91F7-C7E8-4A9A-9F5A-20AFA5AD5A7A}.Debug|Any CPU.Build.0 = Debug|Any CPU
		{0E1D91F7-C7E8-4A9A-9F5A-20AFA5AD5A7A}.Release|Any CPU.ActiveCfg = Release|Any CPU
		{0E1D91F7-C7E8-4A9A-9F5A-20AFA5AD5A7A}.Release|Any CPU.Build.0 = Release|Any CPU
		{45C60F1B-A6CD-46C9-9072-F801F678EABD}.Debug|Any CPU.ActiveCfg = Debug|Any CPU
		{45C60F1B-A6CD-46C9-9072-F801F678EABD}.Debug|Any CPU.Build.0 = Debug|Any CPU
		{45C60F1B-A6CD-46C9-9072-F801F678EABD}.Release|Any CPU.ActiveCfg = Release|Any CPU
		{45C60F1B-A6CD-46C9-9072-F801F678EABD}.Release|Any CPU.Build.0 = Release|Any CPU
	EndGlobalSection
	GlobalSection(SolutionProperties) = preSolution
		HideSolutionNode = FALSE
	EndGlobalSection
	GlobalSection(ExtensibilityGlobals) = postSolution
		SolutionGuid = {3C02A25C-CD3E-41AA-9C20-2715FB4052C0}
	EndGlobalSection
EndGlobal
